Microsoft Visual Studio Solution File, Format Version 12.00
# Visual Studio 2012
Project("{FAE04EC0-301F-11D3-BF4B-00C04F79EFBC}") = "Cafe", "Cafe.csproj", "{8157F0B6-99F5-47F5-8D08-D4DCF350A79D}"
EndProject
Global
	GlobalSection(SolutionConfigurationPlatforms) = preSolution
	Debug|Any CPU = Debug|Any CPU
	ExportDebug|Any CPU = ExportDebug|Any CPU
	ExportRelease|Any CPU = ExportRelease|Any CPU
	EndGlobalSection
	GlobalSection(ProjectConfigurationPlatforms) = postSolution
		{8157F0B6-99F5-47F5-8D08-D4DCF350A79D}.Debug|Any CPU.ActiveCfg = Debug|Any CPU
		{8157F0B6-99F5-47F5-8D08-D4DCF350A79D}.Debug|Any CPU.Build.0 = Debug|Any CPU
		{8157F0B6-99F5-47F5-8D08-D4DCF350A79D}.ExportDebug|Any CPU.ActiveCfg = ExportDebug|Any CPU
		{8157F0B6-99F5-47F5-8D08-D4DCF350A79D}.ExportDebug|Any CPU.Build.0 = ExportDebug|Any CPU
		{8157F0B6-99F5-47F5-8D08-D4DCF350A79D}.ExportRelease|Any CPU.ActiveCfg = ExportRelease|Any CPU
		{8157F0B6-99F5-47F5-8D08-D4DCF350A79D}.ExportRelease|Any CPU.Build.0 = ExportRelease|Any CPU
	EndGlobalSection
EndGlobal
